{
  "name": "gh-to-jira",
  "version": "1.0.0",
  "lockfileVersion": 1,
  "requires": true,
  "dependencies": {
    "ajv": {
      "version": "http://npm.eventmobi.com/ajv/-/ajv-5.2.3.tgz",
      "integrity": "sha1-wG9Zh3jETGsWGrr+NGa4GtGBTtI=",
      "requires": {
        "co": "http://npm.eventmobi.com/co/-/co-4.6.0.tgz",
        "fast-deep-equal": "http://npm.eventmobi.com/fast-deep-equal/-/fast-deep-equal-1.0.0.tgz",
        "json-schema-traverse": "http://npm.eventmobi.com/json-schema-traverse/-/json-schema-traverse-0.3.1.tgz",
        "json-stable-stringify": "http://npm.eventmobi.com/json-stable-stringify/-/json-stable-stringify-1.0.1.tgz"
      }
    },
    "asn1": {
      "version": "http://npm.eventmobi.com/asn1/-/asn1-0.2.3.tgz",
      "integrity": "sha1-2sh4dxPJlmhJ/IGAd36+nB3fO4Y="
    },
    "assert-plus": {
      "version": "http://npm.eventmobi.com/assert-plus/-/assert-plus-1.0.0.tgz",
      "integrity": "sha1-8S4PPF13sLHN2RRpQuTpbB5N1SU="
    },
    "asynckit": {
      "version": "http://npm.eventmobi.com/asynckit/-/asynckit-0.4.0.tgz",
      "integrity": "sha1-x57Zf380y48robyXkLzDZkdLS3k="
    },
    "aws-sign2": {
      "version": "http://npm.eventmobi.com/aws-sign2/-/aws-sign2-0.7.0.tgz",
      "integrity": "sha1-tG6JCTSpWR8tL2+G1+ap8bP+dqg="
    },
    "aws4": {
      "version": "http://npm.eventmobi.com/aws4/-/aws4-1.6.0.tgz",
      "integrity": "sha1-g+9cqGCysy5KDe7e6MdxudtXRx4="
    },
    "bcrypt-pbkdf": {
      "version": "https://npm.eventmobi.com/bcrypt-pbkdf/-/bcrypt-pbkdf-1.0.1.tgz",
      "integrity": "sha1-Y7xdy2EzG5K8Bf1SiVPDNGKgb40=",
      "optional": true,
      "requires": {
        "tweetnacl": "https://npm.eventmobi.com/tweetnacl/-/tweetnacl-0.14.5.tgz"
      }
    },
    "bluebird": {
      "version": "3.5.1",
      "resolved": "http://npm.eventmobi.com/bluebird/-/bluebird-3.5.1.tgz",
      "integrity": "sha512-MKiLiV+I1AA596t9w1sQJ8jkiSr5+ZKi0WKrYGUn6d1Fx+Ij4tIj+m2WMQSGczs5jZVxV339chE8iwk6F64wjA=="
    },
    "boom": {
      "version": "http://npm.eventmobi.com/boom/-/boom-4.3.1.tgz",
      "integrity": "sha1-T4owBctKfjiJ90kDD9JbluAdLjE=",
      "requires": {
        "hoek": "http://npm.eventmobi.com/hoek/-/hoek-4.2.0.tgz"
      }
    },
    "bytes": {
      "version": "https://npm.eventmobi.com/bytes/-/bytes-3.0.0.tgz",
      "integrity": "sha1-0ygVQE1olpn4Wk6k+odV3ROpYEg="
    },
    "caseless": {
      "version": "http://npm.eventmobi.com/caseless/-/caseless-0.12.0.tgz",
      "integrity": "sha1-G2gcIf+EAzyCZUMJBolCDRhxUdw="
    },
    "co": {
      "version": "http://npm.eventmobi.com/co/-/co-4.6.0.tgz",
      "integrity": "sha1-bqa989hTrlTMuOR7+gvz+QMfsYQ="
    },
    "combined-stream": {
      "version": "https://npm.eventmobi.com/combined-stream/-/combined-stream-1.0.5.tgz",
      "integrity": "sha1-k4NwpXtKUd6ix3wV1cX9+JUWQAk=",
      "requires": {
        "delayed-stream": "http://npm.eventmobi.com/delayed-stream/-/delayed-stream-1.0.0.tgz"
      }
    },
    "core-util-is": {
      "version": "http://npm.eventmobi.com/core-util-is/-/core-util-is-1.0.2.tgz",
      "integrity": "sha1-tf1UIgqivFq1eqtxQMlAdUUDwac="
    },
    "cryptiles": {
      "version": "http://npm.eventmobi.com/cryptiles/-/cryptiles-3.1.2.tgz",
      "integrity": "sha1-qJ+7Ig9c4l7FboxKqKT9e1sNKf4=",
      "requires": {
        "boom": "http://npm.eventmobi.com/boom/-/boom-5.2.0.tgz"
      },
      "dependencies": {
        "boom": {
          "version": "http://npm.eventmobi.com/boom/-/boom-5.2.0.tgz",
          "integrity": "sha1-XdnabuOl8wIHdDYpDLcX0/SlTgI=",
          "requires": {
            "hoek": "http://npm.eventmobi.com/hoek/-/hoek-4.2.0.tgz"
          }
        }
      }
    },
    "dashdash": {
      "version": "https://npm.eventmobi.com/dashdash/-/dashdash-1.14.1.tgz",
      "integrity": "sha1-hTz6D3y+L+1d4gMmuN1YEDX24vA=",
      "requires": {
        "assert-plus": "http://npm.eventmobi.com/assert-plus/-/assert-plus-1.0.0.tgz"
      }
    },
    "delayed-stream": {
      "version": "http://npm.eventmobi.com/delayed-stream/-/delayed-stream-1.0.0.tgz",
      "integrity": "sha1-3zrhmayt+31ECqrgsp4icrJOxhk="
    },
    "depd": {
      "version": "https://npm.eventmobi.com/depd/-/depd-1.1.1.tgz",
      "integrity": "sha1-V4O04cRZ8G+lyif5kfPQbnoxA1k="
    },
    "ecc-jsbn": {
      "version": "http://npm.eventmobi.com/ecc-jsbn/-/ecc-jsbn-0.1.1.tgz",
      "integrity": "sha1-D8c6ntXw1Tw4GTOYUj735UN3dQU=",
      "optional": true,
      "requires": {
        "jsbn": "https://npm.eventmobi.com/jsbn/-/jsbn-0.1.1.tgz"
      }
    },
    "extend": {
      "version": "http://npm.eventmobi.com/extend/-/extend-3.0.1.tgz",
      "integrity": "sha1-p1Xqe8Gt/MWjHOfnYtuq3F5jZEQ="
    },
    "extsprintf": {
      "version": "https://npm.eventmobi.com/extsprintf/-/extsprintf-1.3.0.tgz",
      "integrity": "sha1-lpGEQOMEGnpBT4xS48V06zw+HgU="
    },
    "fast-deep-equal": {
      "version": "http://npm.eventmobi.com/fast-deep-equal/-/fast-deep-equal-1.0.0.tgz",
      "integrity": "sha1-liVqO8l1WV6zbYLpkp0GDYk0Of8="
    },
    "forever-agent": {
      "version": "https://npm.eventmobi.com/forever-agent/-/forever-agent-0.6.1.tgz",
      "integrity": "sha1-+8cfDEGt6zf5bFd60e1C2P2sypE="
    },
    "form-data": {
      "version": "http://npm.eventmobi.com/form-data/-/form-data-2.3.1.tgz",
      "integrity": "sha1-b7lPvXGIUwbXPRXMSX/kzE7NRL8=",
      "requires": {
        "asynckit": "http://npm.eventmobi.com/asynckit/-/asynckit-0.4.0.tgz",
        "combined-stream": "https://npm.eventmobi.com/combined-stream/-/combined-stream-1.0.5.tgz",
        "mime-types": "https://npm.eventmobi.com/mime-types/-/mime-types-2.1.17.tgz"
      }
    },
    "getpass": {
      "version": "https://npm.eventmobi.com/getpass/-/getpass-0.1.7.tgz",
      "integrity": "sha1-Xv+OPmhNVprkyysSgmBOi6YhSfo=",
      "requires": {
        "assert-plus": "http://npm.eventmobi.com/assert-plus/-/assert-plus-1.0.0.tgz"
      }
    },
    "har-schema": {
      "version": "http://npm.eventmobi.com/har-schema/-/har-schema-2.0.0.tgz",
      "integrity": "sha1-qUwiJOvKwEeCoNkDVSHyRzW37JI="
    },
    "har-validator": {
      "version": "http://npm.eventmobi.com/har-validator/-/har-validator-5.0.3.tgz",
      "integrity": "sha1-ukAsJmGU8VlW7xXg/PJCmT9qff0=",
      "requires": {
        "ajv": "http://npm.eventmobi.com/ajv/-/ajv-5.2.3.tgz",
        "har-schema": "http://npm.eventmobi.com/har-schema/-/har-schema-2.0.0.tgz"
      }
    },
    "hawk": {
      "version": "http://npm.eventmobi.com/hawk/-/hawk-6.0.2.tgz",
      "integrity": "sha1-r02RTrBl+bXOTZ0RwcshJu7MMDg=",
      "requires": {
        "boom": "http://npm.eventmobi.com/boom/-/boom-4.3.1.tgz",
        "cryptiles": "http://npm.eventmobi.com/cryptiles/-/cryptiles-3.1.2.tgz",
        "hoek": "http://npm.eventmobi.com/hoek/-/hoek-4.2.0.tgz",
        "sntp": "http://npm.eventmobi.com/sntp/-/sntp-2.0.2.tgz"
      }
    },
    "hoek": {
      "version": "http://npm.eventmobi.com/hoek/-/hoek-4.2.0.tgz",
      "integrity": "sha1-ctnQdU9/4lyi0BrY+PmpRJqJUm0="
    },
    "http-errors": {
      "version": "https://npm.eventmobi.com/http-errors/-/http-errors-1.6.2.tgz",
      "integrity": "sha1-CgAsyFcHGSp+eUbO7cERVfYOxzY=",
      "requires": {
        "depd": "https://npm.eventmobi.com/depd/-/depd-1.1.1.tgz",
        "inherits": "https://npm.eventmobi.com/inherits/-/inherits-2.0.3.tgz",
        "setprototypeof": "https://npm.eventmobi.com/setprototypeof/-/setprototypeof-1.0.3.tgz",
        "statuses": "https://npm.eventmobi.com/statuses/-/statuses-1.3.1.tgz"
      }
    },
    "http-signature": {
      "version": "http://npm.eventmobi.com/http-signature/-/http-signature-1.2.0.tgz",
      "integrity": "sha1-muzZJRFHcvPZW2WmCruPfBj7rOE=",
      "requires": {
        "assert-plus": "http://npm.eventmobi.com/assert-plus/-/assert-plus-1.0.0.tgz",
        "jsprim": "https://npm.eventmobi.com/jsprim/-/jsprim-1.4.1.tgz",
        "sshpk": "https://npm.eventmobi.com/sshpk/-/sshpk-1.13.1.tgz"
      }
    },
    "iconv-lite": {
      "version": "http://npm.eventmobi.com/iconv-lite/-/iconv-lite-0.4.19.tgz",
      "integrity": "sha1-90aPYBNfXl2tM5nAqBvpoWA6CCs="
    },
    "inherits": {
      "version": "https://npm.eventmobi.com/inherits/-/inherits-2.0.3.tgz",
      "integrity": "sha1-Yzwsg+PaQqUC9SRmAiSA9CCCYd4="
    },
    "is-stream": {
      "version": "https://npm.eventmobi.com/is-stream/-/is-stream-1.1.0.tgz",
      "integrity": "sha1-EtSj3U5o4Lec6428hBc66A2RykQ="
    },
    "is-typedarray": {
      "version": "http://npm.eventmobi.com/is-typedarray/-/is-typedarray-1.0.0.tgz",
      "integrity": "sha1-5HnICFjfDBsR3dppQPlgEfzaSpo="
    },
    "isstream": {
      "version": "https://npm.eventmobi.com/isstream/-/isstream-0.1.2.tgz",
      "integrity": "sha1-R+Y/evVa+m+S4VAOaQ64uFKcCZo="
    },
    "jira-connector": {
      "version": "https://npm.eventmobi.com/jira-connector/-/jira-connector-2.6.0.tgz",
      "integrity": "sha1-iRhryoyfyPG53Fb5OhU/iXCe5Bw=",
      "requires": {
        "oauth": "https://npm.eventmobi.com/oauth/-/oauth-0.9.15.tgz",
        "request": "http://npm.eventmobi.com/request/-/request-2.83.0.tgz"
      }
    },
    "jsbn": {
      "version": "https://npm.eventmobi.com/jsbn/-/jsbn-0.1.1.tgz",
      "integrity": "sha1-peZUwuWi3rXyAdls77yoDA7y9RM=",
      "optional": true
    },
    "json-schema": {
      "version": "https://npm.eventmobi.com/json-schema/-/json-schema-0.2.3.tgz",
      "integrity": "sha1-tIDIkuWaLwWVTOcnvT8qTogvnhM="
    },
    "json-schema-traverse": {
      "version": "http://npm.eventmobi.com/json-schema-traverse/-/json-schema-traverse-0.3.1.tgz",
      "integrity": "sha1-NJptRMU6Ud6JtAgFxdXlm0F9M0A="
    },
    "json-stable-stringify": {
      "version": "http://npm.eventmobi.com/json-stable-stringify/-/json-stable-stringify-1.0.1.tgz",
      "integrity": "sha1-mnWdOcXy/1A/1TAGRu1EX4jE+a8=",
      "requires": {
        "jsonify": "http://npm.eventmobi.com/jsonify/-/jsonify-0.0.0.tgz"
      }
    },
    "json-stringify-safe": {
      "version": "https://npm.eventmobi.com/json-stringify-safe/-/json-stringify-safe-5.0.1.tgz",
      "integrity": "sha1-Epai1Y/UXxmg9s4B1lcB4sc1tus="
    },
    "jsonify": {
      "version": "http://npm.eventmobi.com/jsonify/-/jsonify-0.0.0.tgz",
      "integrity": "sha1-LHS27kHZPKUbe1qu6PUDYx0lKnM="
    },
    "jsprim": {
      "version": "https://npm.eventmobi.com/jsprim/-/jsprim-1.4.1.tgz",
      "integrity": "sha1-MT5mvB5cwG5Di8G3SZwuXFastqI=",
      "requires": {
        "assert-plus": "http://npm.eventmobi.com/assert-plus/-/assert-plus-1.0.0.tgz",
        "extsprintf": "https://npm.eventmobi.com/extsprintf/-/extsprintf-1.3.0.tgz",
        "json-schema": "https://npm.eventmobi.com/json-schema/-/json-schema-0.2.3.tgz",
        "verror": "https://npm.eventmobi.com/verror/-/verror-1.10.0.tgz"
      }
    },
    "media-typer": {
      "version": "https://npm.eventmobi.com/media-typer/-/media-typer-0.3.0.tgz",
      "integrity": "sha1-hxDXrwqmJvj/+hzgAWhUUmMlV0g="
    },
    "micro": {
      "version": "https://npm.eventmobi.com/micro/-/micro-9.0.0.tgz",
      "integrity": "sha1-wHAGpClwmb75x6SjGHEadyCaS3I=",
      "requires": {
        "is-stream": "https://npm.eventmobi.com/is-stream/-/is-stream-1.1.0.tgz",
        "media-typer": "https://npm.eventmobi.com/media-typer/-/media-typer-0.3.0.tgz",
        "mri": "https://npm.eventmobi.com/mri/-/mri-1.1.0.tgz",
        "raw-body": "https://npm.eventmobi.com/raw-body/-/raw-body-2.3.2.tgz"
      }
    },
    "mime-db": {
      "version": "https://npm.eventmobi.com/mime-db/-/mime-db-1.30.0.tgz",
      "integrity": "sha1-dMZD2i3Z1qRTmZY0ZbJtXKfXHwE="
    },
    "mime-types": {
      "version": "https://npm.eventmobi.com/mime-types/-/mime-types-2.1.17.tgz",
      "integrity": "sha1-Cdejk/A+mVp5+K+Fe3Cp4KsWVXo=",
      "requires": {
        "mime-db": "https://npm.eventmobi.com/mime-db/-/mime-db-1.30.0.tgz"
      }
    },
    "mri": {
      "version": "https://npm.eventmobi.com/mri/-/mri-1.1.0.tgz",
      "integrity": "sha1-XAo/KcjM/7ux7JQdzsCdcfoy82o="
    },
    "oauth": {
      "version": "https://npm.eventmobi.com/oauth/-/oauth-0.9.15.tgz",
      "integrity": "sha1-vR/vr2hslrdUda7VGWQS/2DPucE="
    },
    "oauth-sign": {
      "version": "http://npm.eventmobi.com/oauth-sign/-/oauth-sign-0.8.2.tgz",
      "integrity": "sha1-Rqarfwrq2N6unsBWV4C31O/rnUM="
    },
    "performance-now": {
      "version": "http://npm.eventmobi.com/performance-now/-/performance-now-2.1.0.tgz",
      "integrity": "sha1-Ywn04OX6kT7BxpMHrjZLSzd8nns="
    },
    "punycode": {
      "version": "http://npm.eventmobi.com/punycode/-/punycode-1.4.1.tgz",
      "integrity": "sha1-wNWmOycYgArY4esPpSachN1BhF4="
    },
    "qs": {
      "version": "http://npm.eventmobi.com/qs/-/qs-6.5.1.tgz",
      "integrity": "sha1-NJzfbu+J7EXBLX1es/wMhwNDptg="
    },
    "raw-body": {
      "version": "https://npm.eventmobi.com/raw-body/-/raw-body-2.3.2.tgz",
      "integrity": "sha1-vNYMd9Prk83gBQKVw/N5OJvIj4k=",
      "requires": {
        "bytes": "https://npm.eventmobi.com/bytes/-/bytes-3.0.0.tgz",
        "http-errors": "https://npm.eventmobi.com/http-errors/-/http-errors-1.6.2.tgz",
        "iconv-lite": "http://npm.eventmobi.com/iconv-lite/-/iconv-lite-0.4.19.tgz",
        "unpipe": "https://npm.eventmobi.com/unpipe/-/unpipe-1.0.0.tgz"
      }
    },
    "request": {
      "version": "http://npm.eventmobi.com/request/-/request-2.83.0.tgz",
      "integrity": "sha1-ygtl2gLtYpNYh4COb1EDgQNOM1Y=",
      "requires": {
        "aws-sign2": "http://npm.eventmobi.com/aws-sign2/-/aws-sign2-0.7.0.tgz",
        "aws4": "http://npm.eventmobi.com/aws4/-/aws4-1.6.0.tgz",
        "caseless": "http://npm.eventmobi.com/caseless/-/caseless-0.12.0.tgz",
        "combined-stream": "https://npm.eventmobi.com/combined-stream/-/combined-stream-1.0.5.tgz",
        "extend": "http://npm.eventmobi.com/extend/-/extend-3.0.1.tgz",
        "forever-agent": "https://npm.eventmobi.com/forever-agent/-/forever-agent-0.6.1.tgz",
        "form-data": "http://npm.eventmobi.com/form-data/-/form-data-2.3.1.tgz",
        "har-validator": "http://npm.eventmobi.com/har-validator/-/har-validator-5.0.3.tgz",
        "hawk": "http://npm.eventmobi.com/hawk/-/hawk-6.0.2.tgz",
        "http-signature": "http://npm.eventmobi.com/http-signature/-/http-signature-1.2.0.tgz",
        "is-typedarray": "http://npm.eventmobi.com/is-typedarray/-/is-typedarray-1.0.0.tgz",
        "isstream": "https://npm.eventmobi.com/isstream/-/isstream-0.1.2.tgz",
        "json-stringify-safe": "https://npm.eventmobi.com/json-stringify-safe/-/json-stringify-safe-5.0.1.tgz",
        "mime-types": "https://npm.eventmobi.com/mime-types/-/mime-types-2.1.17.tgz",
        "oauth-sign": "http://npm.eventmobi.com/oauth-sign/-/oauth-sign-0.8.2.tgz",
        "performance-now": "http://npm.eventmobi.com/performance-now/-/performance-now-2.1.0.tgz",
        "qs": "http://npm.eventmobi.com/qs/-/qs-6.5.1.tgz",
        "safe-buffer": "http://npm.eventmobi.com/safe-buffer/-/safe-buffer-5.1.1.tgz",
        "stringstream": "http://npm.eventmobi.com/stringstream/-/stringstream-0.0.5.tgz",
        "tough-cookie": "http://npm.eventmobi.com/tough-cookie/-/tough-cookie-2.3.3.tgz",
        "tunnel-agent": "http://npm.eventmobi.com/tunnel-agent/-/tunnel-agent-0.6.0.tgz",
        "uuid": "http://npm.eventmobi.com/uuid/-/uuid-3.1.0.tgz"
      }
    },
    "safe-buffer": {
      "version": "http://npm.eventmobi.com/safe-buffer/-/safe-buffer-5.1.1.tgz",
      "integrity": "sha1-iTMSr2myEj3vcfV4iQAWce6yyFM="
    },
    "setprototypeof": {
      "version": "https://npm.eventmobi.com/setprototypeof/-/setprototypeof-1.0.3.tgz",
      "integrity": "sha1-ZlZ+NwQ+608E2RvWWMDL77VbjgQ="
    },
    "sntp": {
      "version": "http://npm.eventmobi.com/sntp/-/sntp-2.0.2.tgz",
      "integrity": "sha1-UGQRDwr4X3z9t9a2ekACjOUrSys=",
      "requires": {
        "hoek": "http://npm.eventmobi.com/hoek/-/hoek-4.2.0.tgz"
      }
    },
    "sshpk": {
      "version": "https://npm.eventmobi.com/sshpk/-/sshpk-1.13.1.tgz",
      "integrity": "sha1-US322mKHFEMW3EwY/hzx2UBzm+M=",
      "requires": {
        "asn1": "http://npm.eventmobi.com/asn1/-/asn1-0.2.3.tgz",
        "assert-plus": "http://npm.eventmobi.com/assert-plus/-/assert-plus-1.0.0.tgz",
        "bcrypt-pbkdf": "https://npm.eventmobi.com/bcrypt-pbkdf/-/bcrypt-pbkdf-1.0.1.tgz",
        "dashdash": "https://npm.eventmobi.com/dashdash/-/dashdash-1.14.1.tgz",
        "ecc-jsbn": "http://npm.eventmobi.com/ecc-jsbn/-/ecc-jsbn-0.1.1.tgz",
        "getpass": "https://npm.eventmobi.com/getpass/-/getpass-0.1.7.tgz",
        "jsbn": "https://npm.eventmobi.com/jsbn/-/jsbn-0.1.1.tgz",
        "tweetnacl": "https://npm.eventmobi.com/tweetnacl/-/tweetnacl-0.14.5.tgz"
      }
    },
    "statuses": {
      "version": "https://npm.eventmobi.com/statuses/-/statuses-1.3.1.tgz",
      "integrity": "sha1-+vUbnrdKrvOzrPStX2Gr8ky3uT4="
    },
    "stringstream": {
      "version": "http://npm.eventmobi.com/stringstream/-/stringstream-0.0.5.tgz",
      "integrity": "sha1-TkhM1N5aC7vuGORjB3EKioFiGHg="
    },
    "tough-cookie": {
      "version": "http://npm.eventmobi.com/tough-cookie/-/tough-cookie-2.3.3.tgz",
      "integrity": "sha1-C2GKVWW23qkL80JdBNVe3EdadWE=",
      "requires": {
        "punycode": "http://npm.eventmobi.com/punycode/-/punycode-1.4.1.tgz"
      }
    },
    "tunnel-agent": {
      "version": "http://npm.eventmobi.com/tunnel-agent/-/tunnel-agent-0.6.0.tgz",
      "integrity": "sha1-J6XeoGs2sEoKmWZ3SykIaPD8QP0=",
      "requires": {
        "safe-buffer": "http://npm.eventmobi.com/safe-buffer/-/safe-buffer-5.1.1.tgz"
      }
    },
    "tweetnacl": {
      "version": "https://npm.eventmobi.com/tweetnacl/-/tweetnacl-0.14.5.tgz",
      "integrity": "sha1-WuaBd/GS1EViadEIr6k/+HQ/T2Q=",
      "optional": true
    },
    "unpipe": {
      "version": "https://npm.eventmobi.com/unpipe/-/unpipe-1.0.0.tgz",
      "integrity": "sha1-sr9O6FFKrmFltIF4KdIbLvSZBOw="
    },
    "uuid": {
      "version": "http://npm.eventmobi.com/uuid/-/uuid-3.1.0.tgz",
      "integrity": "sha1-PdPT55Crwk17DToDT/q6vijrvAQ="
    },
    "verror": {
      "version": "https://npm.eventmobi.com/verror/-/verror-1.10.0.tgz",
      "integrity": "sha1-OhBcoXBTr1XW4nDB+CiGguGNpAA=",
      "requires": {
        "assert-plus": "http://npm.eventmobi.com/assert-plus/-/assert-plus-1.0.0.tgz",
        "core-util-is": "http://npm.eventmobi.com/core-util-is/-/core-util-is-1.0.2.tgz",
        "extsprintf": "https://npm.eventmobi.com/extsprintf/-/extsprintf-1.3.0.tgz"
      }
    }
  }
}
